// !$*UTF8*$!
{
	archiveVersion = 1;
	classes = {
	};
	objectVersion = 46;
	objects = {

/* Begin PBXBuildFile section */
		0B06453916715F98001BA4AB /* UIKit.framework in Frameworks */ = {isa = PBXBuildFile; fileRef = 0B06453816715F98001BA4AB /* UIKit.framework */; };
		0B06453B16715F98001BA4AB /* Foundation.framework in Frameworks */ = {isa = PBXBuildFile; fileRef = 0B06453A16715F98001BA4AB /* Foundation.framework */; };
		0B06453D16715F98001BA4AB /* CoreGraphics.framework in Frameworks */ = {isa = PBXBuildFile; fileRef = 0B06453C16715F98001BA4AB /* CoreGraphics.framework */; };
		0B06454316715F98001BA4AB /* InfoPlist.strings in Resources */ = {isa = PBXBuildFile; fileRef = 0B06454116715F98001BA4AB /* InfoPlist.strings */; };
		0B06454516715F98001BA4AB /* main.m in Sources */ = {isa = PBXBuildFile; fileRef = 0B06454416715F98001BA4AB /* main.m */; };
		0B06454916715F98001BA4AB /* AOCAppDelegate.m in Sources */ = {isa = PBXBuildFile; fileRef = 0B06454816715F98001BA4AB /* AOCAppDelegate.m */; };
		0B06454B16715F98001BA4AB /* Default.png in Resources */ = {isa = PBXBuildFile; fileRef = 0B06454A16715F98001BA4AB /* Default.png */; };
		0B06454D16715F98001BA4AB /* Default@2x.png in Resources */ = {isa = PBXBuildFile; fileRef = 0B06454C16715F98001BA4AB /* Default@2x.png */; };
		0B06454F16715F98001BA4AB /* Default-568h@2x.png in Resources */ = {isa = PBXBuildFile; fileRef = 0B06454E16715F98001BA4AB /* Default-568h@2x.png */; };
		0B06455216715F98001BA4AB /* MainStoryboard_iPhone.storyboard in Resources */ = {isa = PBXBuildFile; fileRef = 0B06455016715F98001BA4AB /* MainStoryboard_iPhone.storyboard */; };
		0B06455516715F98001BA4AB /* MainStoryboard_iPad.storyboard in Resources */ = {isa = PBXBuildFile; fileRef = 0B06455316715F98001BA4AB /* MainStoryboard_iPad.storyboard */; };
		0B06455816715F98001BA4AB /* AOCViewController.m in Sources */ = {isa = PBXBuildFile; fileRef = 0B06455716715F98001BA4AB /* AOCViewController.m */; };
		0B06456016715F99001BA4AB /* SenTestingKit.framework in Frameworks */ = {isa = PBXBuildFile; fileRef = 0B06455F16715F99001BA4AB /* SenTestingKit.framework */; };
		0B06456116715F99001BA4AB /* UIKit.framework in Frameworks */ = {isa = PBXBuildFile; fileRef = 0B06453816715F98001BA4AB /* UIKit.framework */; };
		0B06456216715F99001BA4AB /* Foundation.framework in Frameworks */ = {isa = PBXBuildFile; fileRef = 0B06453A16715F98001BA4AB /* Foundation.framework */; };
		0B06456A16715F99001BA4AB /* InfoPlist.strings in Resources */ = {isa = PBXBuildFile; fileRef = 0B06456816715F99001BA4AB /* InfoPlist.strings */; };
		0B06456D16715F99001BA4AB /* AOCWeek3Tests.m in Sources */ = {isa = PBXBuildFile; fileRef = 0B06456C16715F99001BA4AB /* AOCWeek3Tests.m */; };
/* End PBXBuildFile section */

/* Begin PBXContainerItemProxy section */
		0B06456316715F99001BA4AB /* PBXContainerItemProxy */ = {
			isa = PBXContainerItemProxy;
			containerPortal = 0B06452B16715F98001BA4AB /* Project object */;
			proxyType = 1;
			remoteGlobalIDString = 0B06453316715F98001BA4AB;
			remoteInfo = AOCWeek3;
		};
/* End PBXContainerItemProxy section */

/* Begin PBXFileReference section */
		0B06453416715F98001BA4AB /* AOCWeek3.app */ = {isa = PBXFileReference; explicitFileType = wrapper.application; includeInIndex = 0; path = AOCWeek3.app; sourceTree = BUILT_PRODUCTS_DIR; };
		0B06453816715F98001BA4AB /* UIKit.framework */ = {isa = PBXFileReference; lastKnownFileType = wrapper.framework; name = UIKit.framework; path = System/Library/Frameworks/UIKit.framework; sourceTree = SDKROOT; };
		0B06453A16715F98001BA4AB /* Foundation.framework */ = {isa = PBXFileReference; lastKnownFileType = wrapper.framework; name = Foundation.framework; path = System/Library/Frameworks/Foundation.framework; sourceTree = SDKROOT; };
		0B06453C16715F98001BA4AB /* CoreGraphics.framework */ = {isa = PBXFileReference; lastKnownFileType = wrapper.framework; name = CoreGraphics.framework; path = System/Library/Frameworks/CoreGraphics.framework; sourceTree = SDKROOT; };
		0B06454016715F98001BA4AB /* AOCWeek3-Info.plist */ = {isa = PBXFileReference; lastKnownFileType = text.plist.xml; path = "AOCWeek3-Info.plist"; sourceTree = "<group>"; };
		0B06454216715F98001BA4AB /* en */ = {isa = PBXFileReference; lastKnownFileType = text.plist.strings; name = en; path = en.lproj/InfoPlist.strings; sourceTree = "<group>"; };
		0B06454416715F98001BA4AB /* main.m */ = {isa = PBXFileReference; lastKnownFileType = sourcecode.c.objc; path = main.m; sourceTree = "<group>"; };
		0B06454616715F98001BA4AB /* AOCWeek3-Prefix.pch */ = {isa = PBXFileReference; lastKnownFileType = sourcecode.c.h; path = "AOCWeek3-Prefix.pch"; sourceTree = "<group>"; };
		0B06454716715F98001BA4AB /* AOCAppDelegate.h */ = {isa = PBXFileReference; lastKnownFileType = sourcecode.c.h; path = AOCAppDelegate.h; sourceTree = "<group>"; };
		0B06454816715F98001BA4AB /* AOCAppDelegate.m */ = {isa = PBXFileReference; lastKnownFileType = sourcecode.c.objc; path = AOCAppDelegate.m; sourceTree = "<group>"; };
		0B06454A16715F98001BA4AB /* Default.png */ = {isa = PBXFileReference; lastKnownFileType = image.png; path = Default.png; sourceTree = "<group>"; };
		0B06454C16715F98001BA4AB /* Default@2x.png */ = {isa = PBXFileReference; lastKnownFileType = image.png; path = "Default@2x.png"; sourceTree = "<group>"; };
		0B06454E16715F98001BA4AB /* Default-568h@2x.png */ = {isa = PBXFileReference; lastKnownFileType = image.png; path = "Default-568h@2x.png"; sourceTree = "<group>"; };
		0B06455116715F98001BA4AB /* en */ = {isa = PBXFileReference; lastKnownFileType = file.storyboard; name = en; path = en.lproj/MainStoryboard_iPhone.storyboard; sourceTree = "<group>"; };
		0B06455416715F98001BA4AB /* en */ = {isa = PBXFileReference; lastKnownFileType = file.storyboard; name = en; path = en.lproj/MainStoryboard_iPad.storyboard; sourceTree = "<group>"; };
		0B06455616715F98001BA4AB /* AOCViewController.h */ = {isa = PBXFileReference; lastKnownFileType = sourcecode.c.h; path = AOCViewController.h; sourceTree = "<group>"; };
		0B06455716715F98001BA4AB /* AOCViewController.m */ = {isa = PBXFileReference; lastKnownFileType = sourcecode.c.objc; path = AOCViewController.m; sourceTree = "<group>"; };
		0B06455E16715F99001BA4AB /* AOCWeek3Tests.octest */ = {isa = PBXFileReference; explicitFileType = wrapper.cfbundle; includeInIndex = 0; path = AOCWeek3Tests.octest; sourceTree = BUILT_PRODUCTS_DIR; };
		0B06455F16715F99001BA4AB /* SenTestingKit.framework */ = {isa = PBXFileReference; lastKnownFileType = wrapper.framework; name = SenTestingKit.framework; path = Library/Frameworks/SenTestingKit.framework; sourceTree = DEVELOPER_DIR; };
		0B06456716715F99001BA4AB /* AOCWeek3Tests-Info.plist */ = {isa = PBXFileReference; lastKnownFileType = text.plist.xml; path = "AOCWeek3Tests-Info.plist"; sourceTree = "<group>"; };
		0B06456916715F99001BA4AB /* en */ = {isa = PBXFileReference; lastKnownFileType = text.plist.strings; name = en; path = en.lproj/InfoPlist.strings; sourceTree = "<group>"; };
		0B06456B16715F99001BA4AB /* AOCWeek3Tests.h */ = {isa = PBXFileReference; lastKnownFileType = sourcecode.c.h; path = AOCWeek3Tests.h; sourceTree = "<group>"; };
		0B06456C16715F99001BA4AB /* AOCWeek3Tests.m */ = {isa = PBXFileReference; lastKnownFileType = sourcecode.c.objc; path = AOCWeek3Tests.m; sourceTree = "<group>"; };
/* End PBXFileReference section */

/* Begin PBXFrameworksBuildPhase section */
		0B06453116715F98001BA4AB /* Frameworks */ = {
			isa = PBXFrameworksBuildPhase;
			buildActionMask = 2147483647;
			files = (
				0B06453916715F98001BA4AB /* UIKit.framework in Frameworks */,
				0B06453B16715F98001BA4AB /* Foundation.framework in Frameworks */,
				0B06453D16715F98001BA4AB /* CoreGraphics.framework in Frameworks */,
			);
			runOnlyForDeploymentPostprocessing = 0;
		};
		0B06455A16715F99001BA4AB /* Frameworks */ = {
			isa = PBXFrameworksBuildPhase;
			buildActionMask = 2147483647;
			files = (
				0B06456016715F99001BA4AB /* SenTestingKit.framework in Frameworks */,
				0B06456116715F99001BA4AB /* UIKit.framework in Frameworks */,
				0B06456216715F99001BA4AB /* Foundation.framework in Frameworks */,
			);
			runOnlyForDeploymentPostprocessing = 0;
		};
/* End PBXFrameworksBuildPhase section */

/* Begin PBXGroup section */
		0B06452916715F98001BA4AB = {
			isa = PBXGroup;
			children = (
				0B06453E16715F98001BA4AB /* AOCWeek3 */,
				0B06456516715F99001BA4AB /* AOCWeek3Tests */,
				0B06453716715F98001BA4AB /* Frameworks */,
				0B06453516715F98001BA4AB /* Products */,
			);
			sourceTree = "<group>";
		};
		0B06453516715F98001BA4AB /* Products */ = {
			isa = PBXGroup;
			children = (
				0B06453416715F98001BA4AB /* AOCWeek3.app */,
				0B06455E16715F99001BA4AB /* AOCWeek3Tests.octest */,
			);
			name = Products;
			sourceTree = "<group>";
		};
		0B06453716715F98001BA4AB /* Frameworks */ = {
			isa = PBXGroup;
			children = (
				0B06453816715F98001BA4AB /* UIKit.framework */,
				0B06453A16715F98001BA4AB /* Foundation.framework */,
				0B06453C16715F98001BA4AB /* CoreGraphics.framework */,
				0B06455F16715F99001BA4AB /* SenTestingKit.framework */,
			);
			name = Frameworks;
			sourceTree = "<group>";
		};
		0B06453E16715F98001BA4AB /* AOCWeek3 */ = {
			isa = PBXGroup;
			children = (
				0B06454716715F98001BA4AB /* AOCAppDelegate.h */,
				0B06454816715F98001BA4AB /* AOCAppDelegate.m */,
				0B06455016715F98001BA4AB /* MainStoryboard_iPhone.storyboard */,
				0B06455316715F98001BA4AB /* MainStoryboard_iPad.storyboard */,
				0B06455616715F98001BA4AB /* AOCViewController.h */,
				0B06455716715F98001BA4AB /* AOCViewController.m */,
				0B06453F16715F98001BA4AB /* Supporting Files */,
			);
			path = AOCWeek3;
			sourceTree = "<group>";
		};
		0B06453F16715F98001BA4AB /* Supporting Files */ = {
			isa = PBXGroup;
			children = (
				0B06454016715F98001BA4AB /* AOCWeek3-Info.plist */,
				0B06454116715F98001BA4AB /* InfoPlist.strings */,
				0B06454416715F98001BA4AB /* main.m */,
				0B06454616715F98001BA4AB /* AOCWeek3-Prefix.pch */,
				0B06454A16715F98001BA4AB /* Default.png */,
				0B06454C16715F98001BA4AB /* Default@2x.png */,
				0B06454E16715F98001BA4AB /* Default-568h@2x.png */,
			);
			name = "Supporting Files";
			sourceTree = "<group>";
		};
		0B06456516715F99001BA4AB /* AOCWeek3Tests */ = {
			isa = PBXGroup;
			children = (
				0B06456B16715F99001BA4AB /* AOCWeek3Tests.h */,
				0B06456C16715F99001BA4AB /* AOCWeek3Tests.m */,
				0B06456616715F99001BA4AB /* Supporting Files */,
			);
			path = AOCWeek3Tests;
			sourceTree = "<group>";
		};
		0B06456616715F99001BA4AB /* Supporting Files */ = {
			isa = PBXGroup;
			children = (
				0B06456716715F99001BA4AB /* AOCWeek3Tests-Info.plist */,
				0B06456816715F99001BA4AB /* InfoPlist.strings */,
			);
			name = "Supporting Files";
			sourceTree = "<group>";
		};
/* End PBXGroup section */

/* Begin PBXNativeTarget section */
		0B06453316715F98001BA4AB /* AOCWeek3 */ = {
			isa = PBXNativeTarget;
			buildConfigurationList = 0B06457016715F99001BA4AB /* Build configuration list for PBXNativeTarget "AOCWeek3" */;
			buildPhases = (
				0B06453016715F98001BA4AB /* Sources */,
				0B06453116715F98001BA4AB /* Frameworks */,
				0B06453216715F98001BA4AB /* Resources */,
			);
			buildRules = (
			);
			dependencies = (
			);
			name = AOCWeek3;
			productName = AOCWeek3;
			productReference = 0B06453416715F98001BA4AB /* AOCWeek3.app */;
			productType = "com.apple.product-type.application";
		};
		0B06455D16715F99001BA4AB /* AOCWeek3Tests */ = {
			isa = PBXNativeTarget;
			buildConfigurationList = 0B06457316715F99001BA4AB /* Build configuration list for PBXNativeTarget "AOCWeek3Tests" */;
			buildPhases = (
				0B06455916715F99001BA4AB /* Sources */,
				0B06455A16715F99001BA4AB /* Frameworks */,
				0B06455B16715F99001BA4AB /* Resources */,
				0B06455C16715F99001BA4AB /* ShellScript */,
			);
			buildRules = (
			);
			dependencies = (
				0B06456416715F99001BA4AB /* PBXTargetDependency */,
			);
			name = AOCWeek3Tests;
			productName = AOCWeek3Tests;
			productReference = 0B06455E16715F99001BA4AB /* AOCWeek3Tests.octest */;
			productType = "com.apple.product-type.bundle";
		};
/* End PBXNativeTarget section */

/* Begin PBXProject section */
		0B06452B16715F98001BA4AB /* Project object */ = {
			isa = PBXProject;
			attributes = {
				CLASSPREFIX = AOC;
				LastUpgradeCheck = 0450;
				ORGANIZATIONNAME = "Justin Rowe";
			};
			buildConfigurationList = 0B06452E16715F98001BA4AB /* Build configuration list for PBXProject "AOCWeek3" */;
			compatibilityVersion = "Xcode 3.2";
			developmentRegion = English;
			hasScannedForEncodings = 0;
			knownRegions = (
				en,
			);
			mainGroup = 0B06452916715F98001BA4AB;
			productRefGroup = 0B06453516715F98001BA4AB /* Products */;
			projectDirPath = "";
			projectRoot = "";
			targets = (
				0B06453316715F98001BA4AB /* AOCWeek3 */,
				0B06455D16715F99001BA4AB /* AOCWeek3Tests */,
			);
		};
/* End PBXProject section */

/* Begin PBXResourcesBuildPhase section */
		0B06453216715F98001BA4AB /* Resources */ = {
			isa = PBXResourcesBuildPhase;
			buildActionMask = 2147483647;
			files = (
				0B06454316715F98001BA4AB /* InfoPlist.strings in Resources */,
				0B06454B16715F98001BA4AB /* Default.png in Resources */,
				0B06454D16715F98001BA4AB /* Default@2x.png in Resources */,
				0B06454F16715F98001BA4AB /* Default-568h@2x.png in Resources */,
				0B06455216715F98001BA4AB /* MainStoryboard_iPhone.storyboard in Resources */,
				0B06455516715F98001BA4AB /* MainStoryboard_iPad.storyboard in Resources */,
			);
			runOnlyForDeploymentPostprocessing = 0;
		};
		0B06455B16715F99001BA4AB /* Resources */ = {
			isa = PBXResourcesBuildPhase;
			buildActionMask = 2147483647;
			files = (
				0B06456A16715F99001BA4AB /* InfoPlist.strings in Resources */,
			);
			runOnlyForDeploymentPostprocessing = 0;
		};
/* End PBXResourcesBuildPhase section */

/* Begin PBXShellScriptBuildPhase section */
		0B06455C16715F99001BA4AB /* ShellScript */ = {
			isa = PBXShellScriptBuildPhase;
			buildActionMask = 2147483647;
			files = (
			);
			inputPaths = (
			);
			outputPaths = (
			);
			runOnlyForDeploymentPostprocessing = 0;
			shellPath = /bin/sh;
			shellScript = "# Run the unit tests in this test bundle.\n\"${SYSTEM_DEVELOPER_DIR}/Tools/RunUnitTests\"\n";
		};
/* End PBXShellScriptBuildPhase section */

/* Begin PBXSourcesBuildPhase section */
		0B06453016715F98001BA4AB /* Sources */ = {
			isa = PBXSourcesBuildPhase;
			buildActionMask = 2147483647;
			files = (
				0B06454516715F98001BA4AB /* main.m in Sources */,
				0B06454916715F98001BA4AB /* AOCAppDelegate.m in Sources */,
				0B06455816715F98001BA4AB /* AOCViewController.m in Sources */,
			);
			runOnlyForDeploymentPostprocessing = 0;
		};
		0B06455916715F99001BA4AB /* Sources */ = {
			isa = PBXSourcesBuildPhase;
			buildActionMask = 2147483647;
			files = (
				0B06456D16715F99001BA4AB /* AOCWeek3Tests.m in Sources */,
			);
			runOnlyForDeploymentPostprocessing = 0;
		};
/* End PBXSourcesBuildPhase section */

/* Begin PBXTargetDependency section */
		0B06456416715F99001BA4AB /* PBXTargetDependency */ = {
			isa = PBXTargetDependency;
			target = 0B06453316715F98001BA4AB /* AOCWeek3 */;
			targetProxy = 0B06456316715F99001BA4AB /* PBXContainerItemProxy */;
		};
/* End PBXTargetDependency section */

/* Begin PBXVariantGroup section */
		0B06454116715F98001BA4AB /* InfoPlist.strings */ = {
			isa = PBXVariantGroup;
			children = (
				0B06454216715F98001BA4AB /* en */,
			);
			name = InfoPlist.strings;
			sourceTree = "<group>";
		};
		0B06455016715F98001BA4AB /* MainStoryboard_iPhone.storyboard */ = {
			isa = PBXVariantGroup;
			children = (
				0B06455116715F98001BA4AB /* en */,
			);
			name = MainStoryboard_iPhone.storyboard;
			sourceTree = "<group>";
		};
		0B06455316715F98001BA4AB /* MainStoryboard_iPad.storyboard */ = {
			isa = PBXVariantGroup;
			children = (
				0B06455416715F98001BA4AB /* en */,
			);
			name = MainStoryboard_iPad.storyboard;
			sourceTree = "<group>";
		};
		0B06456816715F99001BA4AB /* InfoPlist.strings */ = {
			isa = PBXVariantGroup;
			children = (
				0B06456916715F99001BA4AB /* en */,
			);
			name = InfoPlist.strings;
			sourceTree = "<group>";
		};
/* End PBXVariantGroup section */

/* Begin XCBuildConfiguration section */
		0B06456E16715F99001BA4AB /* Debug */ = {
			isa = XCBuildConfiguration;
			buildSettings = {
				ALWAYS_SEARCH_USER_PATHS = NO;
				CLANG_CXX_LANGUAGE_STANDARD = "gnu++0x";
				CLANG_CXX_LIBRARY = "libc++";
				CLANG_ENABLE_OBJC_ARC = YES;
				CLANG_WARN_EMPTY_BODY = YES;
				CLANG_WARN__DUPLICATE_METHOD_MATCH = YES;
				"CODE_SIGN_IDENTITY[sdk=iphoneos*]" = "iPhone Developer";
				COPY_PHASE_STRIP = NO;
				GCC_C_LANGUAGE_STANDARD = gnu99;
				GCC_DYNAMIC_NO_PIC = NO;
				GCC_OPTIMIZATION_LEVEL = 0;
				GCC_PREPROCESSOR_DEFINITIONS = (
					"DEBUG=1",
					"$(inherited)",
				);
				GCC_SYMBOLS_PRIVATE_EXTERN = NO;
				GCC_WARN_ABOUT_RETURN_TYPE = YES;
				GCC_WARN_UNINITIALIZED_AUTOS = YES;
				GCC_WARN_UNUSED_VARIABLE = YES;
				IPHONEOS_DEPLOYMENT_TARGET = 6.0;
				ONLY_ACTIVE_ARCH = YES;
				SDKROOT = iphoneos;
				TARGETED_DEVICE_FAMILY = "1,2";
			};
			name = Debug;
		};
		0B06456F16715F99001BA4AB /* Release */ = {
			isa = XCBuildConfiguration;
			buildSettings = {
				ALWAYS_SEARCH_USER_PATHS = NO;
				CLANG_CXX_LANGUAGE_STANDARD = "gnu++0x";
				CLANG_CXX_LIBRARY = "libc++";
				CLANG_ENABLE_OBJC_ARC = YES;
				CLANG_WARN_EMPTY_BODY = YES;
				CLANG_WARN__DUPLICATE_METHOD_MATCH = YES;
				"CODE_SIGN_IDENTITY[sdk=iphoneos*]" = "iPhone Developer";
				COPY_PHASE_STRIP = YES;
				GCC_C_LANGUAGE_STANDARD = gnu99;
				GCC_WARN_ABOUT_RETURN_TYPE = YES;
				GCC_WARN_UNINITIALIZED_AUTOS = YES;
				GCC_WARN_UNUSED_VARIABLE = YES;
				IPHONEOS_DEPLOYMENT_TARGET = 6.0;
				OTHER_CFLAGS = "-DNS_BLOCK_ASSERTIONS=1";
				SDKROOT = iphoneos;
				TARGETED_DEVICE_FAMILY = "1,2";
				VALIDATE_PRODUCT = YES;
			};
			name = Release;
		};
		0B06457116715F99001BA4AB /* Debug */ = {
			isa = XCBuildConfiguration;
			buildSettings = {
				GCC_PRECOMPILE_PREFIX_HEADER = YES;
				GCC_PREFIX_HEADER = "AOCWeek3/AOCWeek3-Prefix.pch";
				INFOPLIST_FILE = "AOCWeek3/AOCWeek3-Info.plist";
				PRODUCT_NAME = "$(TARGET_NAME)";
				WRAPPER_EXTENSION = app;
			};
			name = Debug;
		};
		0B06457216715F99001BA4AB /* Release */ = {
			isa = XCBuildConfiguration;
			buildSettings = {
				GCC_PRECOMPILE_PREFIX_HEADER = YES;
				GCC_PREFIX_HEADER = "AOCWeek3/AOCWeek3-Prefix.pch";
				INFOPLIST_FILE = "AOCWeek3/AOCWeek3-Info.plist";
				PRODUCT_NAME = "$(TARGET_NAME)";
				WRAPPER_EXTENSION = app;
			};
			name = Release;
		};
		0B06457416715F99001BA4AB /* Debug */ = {
			isa = XCBuildConfiguration;
			buildSettings = {
				BUNDLE_LOADER = "$(BUILT_PRODUCTS_DIR)/AOCWeek3.app/AOCWeek3";
				FRAMEWORK_SEARCH_PATHS = (
					"\"$(SDKROOT)/Developer/Library/Frameworks\"",
					"\"$(DEVELOPER_LIBRARY_DIR)/Frameworks\"",
				);
				GCC_PRECOMPILE_PREFIX_HEADER = YES;
				GCC_PREFIX_HEADER = "AOCWeek3/AOCWeek3-Prefix.pch";
				INFOPLIST_FILE = "AOCWeek3Tests/AOCWeek3Tests-Info.plist";
				PRODUCT_NAME = "$(TARGET_NAME)";
				TEST_HOST = "$(BUNDLE_LOADER)";
				WRAPPER_EXTENSION = octest;
			};
			name = Debug;
		};
		0B06457516715F99001BA4AB /* Release */ = {
			isa = XCBuildConfiguration;
			buildSettings = {
				BUNDLE_LOADER = "$(BUILT_PRODUCTS_DIR)/AOCWeek3.app/AOCWeek3";
				FRAMEWORK_SEARCH_PATHS = (
					"\"$(SDKROOT)/Developer/Library/Frameworks\"",
					"\"$(DEVELOPER_LIBRARY_DIR)/Frameworks\"",
				);
				GCC_PRECOMPILE_PREFIX_HEADER = YES;
				GCC_PREFIX_HEADER = "AOCWeek3/AOCWeek3-Prefix.pch";
				INFOPLIST_FILE = "AOCWeek3Tests/AOCWeek3Tests-Info.plist";
				PRODUCT_NAME = "$(TARGET_NAME)";
				TEST_HOST = "$(BUNDLE_LOADER)";
				WRAPPER_EXTENSION = octest;
			};
			name = Release;
		};
/* End XCBuildConfiguration section */

/* Begin XCConfigurationList section */
		0B06452E16715F98001BA4AB /* Build configuration list for PBXProject "AOCWeek3" */ = {
			isa = XCConfigurationList;
			buildConfigurations = (
				0B06456E16715F99001BA4AB /* Debug */,
				0B06456F16715F99001BA4AB /* Release */,
			);
			defaultConfigurationIsVisible = 0;
			defaultConfigurationName = Release;
		};
		0B06457016715F99001BA4AB /* Build configuration list for PBXNativeTarget "AOCWeek3" */ = {
			isa = XCConfigurationList;
			buildConfigurations = (
				0B06457116715F99001BA4AB /* Debug */,
				0B06457216715F99001BA4AB /* Release */,
			);
			defaultConfigurationIsVisible = 0;
		};
		0B06457316715F99001BA4AB /* Build configuration list for PBXNativeTarget "AOCWeek3Tests" */ = {
			isa = XCConfigurationList;
			buildConfigurations = (
				0B06457416715F99001BA4AB /* Debug */,
				0B06457516715F99001BA4AB /* Release */,
			);
			defaultConfigurationIsVisible = 0;
		};
/* End XCConfigurationList section */
	};
	rootObject = 0B06452B16715F98001BA4AB /* Project object */;
}
